// !$*UTF8*$!
{
	archiveVersion = 1;
	classes = {
	};
	objectVersion = 50;
	objects = {

/* Begin PBXBuildFile section */
		D209FC0925C58C30002D1890 /* NASACameraViewController.swift in Sources */ = {isa = PBXBuildFile; fileRef = D209FC0825C58C30002D1890 /* NASACameraViewController.swift */; };
		D2191A9425C30FF3002F111E /* NASAPhotoCell.swift in Sources */ = {isa = PBXBuildFile; fileRef = D2191A9325C30FF3002F111E /* NASAPhotoCell.swift */; };
		D2191A9A25C314F5002F111E /* NASAHelper.swift in Sources */ = {isa = PBXBuildFile; fileRef = D2191A9925C314F5002F111E /* NASAHelper.swift */; };
		D2191AA525C31C1D002F111E /* OpportunityViewController.swift in Sources */ = {isa = PBXBuildFile; fileRef = D2191AA425C31C1D002F111E /* OpportunityViewController.swift */; };
		D2191AA825C31CDD002F111E /* SpiritViewController.swift in Sources */ = {isa = PBXBuildFile; fileRef = D2191AA725C31CDD002F111E /* SpiritViewController.swift */; };
		D2191AAD25C32589002F111E /* UIViewController+Extension.swift in Sources */ = {isa = PBXBuildFile; fileRef = D2191AAC25C32589002F111E /* UIViewController+Extension.swift */; };
		D2D7529525C40CBE00DBF53D /* NASADetailViewController.swift in Sources */ = {isa = PBXBuildFile; fileRef = D2D7529425C40CBE00DBF53D /* NASADetailViewController.swift */; };
		D2D7529E25C40E7500DBF53D /* NASAContainerView.swift in Sources */ = {isa = PBXBuildFile; fileRef = D2D7529D25C40E7500DBF53D /* NASAContainerView.swift */; };
		D2D752A225C40F5B00DBF53D /* NASATitleLabel.swift in Sources */ = {isa = PBXBuildFile; fileRef = D2D752A125C40F5B00DBF53D /* NASATitleLabel.swift */; };
		D2D752A625C4114000DBF53D /* NASASecondaryTitleLabel.swift in Sources */ = {isa = PBXBuildFile; fileRef = D2D752A525C4114000DBF53D /* NASASecondaryTitleLabel.swift */; };
		D2D752A925C411C800DBF53D /* NASABodyLabel.swift in Sources */ = {isa = PBXBuildFile; fileRef = D2D752A825C411C800DBF53D /* NASABodyLabel.swift */; };
		D2D752B125C4351200DBF53D /* Date+Extension.swift in Sources */ = {isa = PBXBuildFile; fileRef = D2D752B025C4351200DBF53D /* Date+Extension.swift */; };
		D2D752B425C435AF00DBF53D /* String+Extension.swift in Sources */ = {isa = PBXBuildFile; fileRef = D2D752B325C435AF00DBF53D /* String+Extension.swift */; };
		D2DDA86D25C2BA95000F3891 /* AppDelegate.swift in Sources */ = {isa = PBXBuildFile; fileRef = D2DDA86C25C2BA95000F3891 /* AppDelegate.swift */; };
		D2DDA86F25C2BA95000F3891 /* SceneDelegate.swift in Sources */ = {isa = PBXBuildFile; fileRef = D2DDA86E25C2BA95000F3891 /* SceneDelegate.swift */; };
		D2DDA87625C2BA99000F3891 /* Assets.xcassets in Resources */ = {isa = PBXBuildFile; fileRef = D2DDA87525C2BA99000F3891 /* Assets.xcassets */; };
		D2DDA87925C2BA99000F3891 /* LaunchScreen.storyboard in Resources */ = {isa = PBXBuildFile; fileRef = D2DDA87725C2BA99000F3891 /* LaunchScreen.storyboard */; };
		D2DDA88525C2BBC1000F3891 /* NASATabBarController.swift in Sources */ = {isa = PBXBuildFile; fileRef = D2DDA88425C2BBC1000F3891 /* NASATabBarController.swift */; };
		D2DDA88D25C2C2C4000F3891 /* NASADataModel.swift in Sources */ = {isa = PBXBuildFile; fileRef = D2DDA88C25C2C2C4000F3891 /* NASADataModel.swift */; };
		D2DDA89025C2C38D000F3891 /* CuriosityViewController.swift in Sources */ = {isa = PBXBuildFile; fileRef = D2DDA88F25C2C38D000F3891 /* CuriosityViewController.swift */; };
		D2DDA89425C2C439000F3891 /* NASADataManager.swift in Sources */ = {isa = PBXBuildFile; fileRef = D2DDA89325C2C439000F3891 /* NASADataManager.swift */; };
		D2DDA89925C2C778000F3891 /* NASAConstants.swift in Sources */ = {isa = PBXBuildFile; fileRef = D2DDA89825C2C778000F3891 /* NASAConstants.swift */; };
		D2DDA89D25C2CC0E000F3891 /* NASAError.swift in Sources */ = {isa = PBXBuildFile; fileRef = D2DDA89C25C2CC0E000F3891 /* NASAError.swift */; };
/* End PBXBuildFile section */

/* Begin PBXFileReference section */
		D209FC0825C58C30002D1890 /* NASACameraViewController.swift */ = {isa = PBXFileReference; lastKnownFileType = sourcecode.swift; path = NASACameraViewController.swift; sourceTree = "<group>"; };
		D2191A9325C30FF3002F111E /* NASAPhotoCell.swift */ = {isa = PBXFileReference; lastKnownFileType = sourcecode.swift; path = NASAPhotoCell.swift; sourceTree = "<group>"; };
		D2191A9925C314F5002F111E /* NASAHelper.swift */ = {isa = PBXFileReference; lastKnownFileType = sourcecode.swift; path = NASAHelper.swift; sourceTree = "<group>"; };
		D2191AA425C31C1D002F111E /* OpportunityViewController.swift */ = {isa = PBXFileReference; lastKnownFileType = sourcecode.swift; path = OpportunityViewController.swift; sourceTree = "<group>"; };
		D2191AA725C31CDD002F111E /* SpiritViewController.swift */ = {isa = PBXFileReference; lastKnownFileType = sourcecode.swift; path = SpiritViewController.swift; sourceTree = "<group>"; };
		D2191AAC25C32589002F111E /* UIViewController+Extension.swift */ = {isa = PBXFileReference; lastKnownFileType = sourcecode.swift; path = "UIViewController+Extension.swift"; sourceTree = "<group>"; };
		D2D7529425C40CBE00DBF53D /* NASADetailViewController.swift */ = {isa = PBXFileReference; lastKnownFileType = sourcecode.swift; path = NASADetailViewController.swift; sourceTree = "<group>"; };
		D2D7529D25C40E7500DBF53D /* NASAContainerView.swift */ = {isa = PBXFileReference; lastKnownFileType = sourcecode.swift; path = NASAContainerView.swift; sourceTree = "<group>"; };
		D2D752A125C40F5B00DBF53D /* NASATitleLabel.swift */ = {isa = PBXFileReference; lastKnownFileType = sourcecode.swift; path = NASATitleLabel.swift; sourceTree = "<group>"; };
		D2D752A525C4114000DBF53D /* NASASecondaryTitleLabel.swift */ = {isa = PBXFileReference; lastKnownFileType = sourcecode.swift; path = NASASecondaryTitleLabel.swift; sourceTree = "<group>"; };
		D2D752A825C411C800DBF53D /* NASABodyLabel.swift */ = {isa = PBXFileReference; lastKnownFileType = sourcecode.swift; path = NASABodyLabel.swift; sourceTree = "<group>"; };
		D2D752B025C4351200DBF53D /* Date+Extension.swift */ = {isa = PBXFileReference; lastKnownFileType = sourcecode.swift; path = "Date+Extension.swift"; sourceTree = "<group>"; };
		D2D752B325C435AF00DBF53D /* String+Extension.swift */ = {isa = PBXFileReference; lastKnownFileType = sourcecode.swift; path = "String+Extension.swift"; sourceTree = "<group>"; };
		D2DDA86925C2BA95000F3891 /* NASAPhotos.app */ = {isa = PBXFileReference; explicitFileType = wrapper.application; includeInIndex = 0; path = NASAPhotos.app; sourceTree = BUILT_PRODUCTS_DIR; };
		D2DDA86C25C2BA95000F3891 /* AppDelegate.swift */ = {isa = PBXFileReference; lastKnownFileType = sourcecode.swift; path = AppDelegate.swift; sourceTree = "<group>"; };
		D2DDA86E25C2BA95000F3891 /* SceneDelegate.swift */ = {isa = PBXFileReference; lastKnownFileType = sourcecode.swift; path = SceneDelegate.swift; sourceTree = "<group>"; };
		D2DDA87525C2BA99000F3891 /* Assets.xcassets */ = {isa = PBXFileReference; lastKnownFileType = folder.assetcatalog; path = Assets.xcassets; sourceTree = "<group>"; };
		D2DDA87825C2BA99000F3891 /* Base */ = {isa = PBXFileReference; lastKnownFileType = file.storyboard; name = Base; path = Base.lproj/LaunchScreen.storyboard; sourceTree = "<group>"; };
		D2DDA87A25C2BA99000F3891 /* Info.plist */ = {isa = PBXFileReference; lastKnownFileType = text.plist.xml; path = Info.plist; sourceTree = "<group>"; };
		D2DDA88425C2BBC1000F3891 /* NASATabBarController.swift */ = {isa = PBXFileReference; lastKnownFileType = sourcecode.swift; path = NASATabBarController.swift; sourceTree = "<group>"; };
		D2DDA88C25C2C2C4000F3891 /* NASADataModel.swift */ = {isa = PBXFileReference; lastKnownFileType = sourcecode.swift; path = NASADataModel.swift; sourceTree = "<group>"; };
		D2DDA88F25C2C38D000F3891 /* CuriosityViewController.swift */ = {isa = PBXFileReference; lastKnownFileType = sourcecode.swift; path = CuriosityViewController.swift; sourceTree = "<group>"; };
		D2DDA89325C2C439000F3891 /* NASADataManager.swift */ = {isa = PBXFileReference; lastKnownFileType = sourcecode.swift; path = NASADataManager.swift; sourceTree = "<group>"; };
		D2DDA89825C2C778000F3891 /* NASAConstants.swift */ = {isa = PBXFileReference; lastKnownFileType = sourcecode.swift; path = NASAConstants.swift; sourceTree = "<group>"; };
		D2DDA89C25C2CC0E000F3891 /* NASAError.swift */ = {isa = PBXFileReference; lastKnownFileType = sourcecode.swift; path = NASAError.swift; sourceTree = "<group>"; };
/* End PBXFileReference section */

/* Begin PBXFrameworksBuildPhase section */
		D2DDA86625C2BA95000F3891 /* Frameworks */ = {
			isa = PBXFrameworksBuildPhase;
			buildActionMask = 2147483647;
			files = (
			);
			runOnlyForDeploymentPostprocessing = 0;
		};
/* End PBXFrameworksBuildPhase section */

/* Begin PBXGroup section */
		D2191A9225C30FC1002F111E /* Cells */ = {
			isa = PBXGroup;
			children = (
				D2191A9325C30FF3002F111E /* NASAPhotoCell.swift */,
			);
			path = Cells;
			sourceTree = "<group>";
		};
		D2191AAB25C3255C002F111E /* Extensions */ = {
			isa = PBXGroup;
			children = (
				D2D752B025C4351200DBF53D /* Date+Extension.swift */,
				D2D752B325C435AF00DBF53D /* String+Extension.swift */,
				D2191AAC25C32589002F111E /* UIViewController+Extension.swift */,
			);
			path = Extensions;
			sourceTree = "<group>";
		};
		D2D7529725C40E2900DBF53D /* Views */ = {
			isa = PBXGroup;
			children = (
				D2D7529D25C40E7500DBF53D /* NASAContainerView.swift */,
			);
			path = Views;
			sourceTree = "<group>";
		};
		D2D752A025C40EF800DBF53D /* Labels */ = {
			isa = PBXGroup;
			children = (
				D2D752A125C40F5B00DBF53D /* NASATitleLabel.swift */,
				D2D752A525C4114000DBF53D /* NASASecondaryTitleLabel.swift */,
				D2D752A825C411C800DBF53D /* NASABodyLabel.swift */,
			);
			path = Labels;
			sourceTree = "<group>";
		};
		D2DDA86025C2BA95000F3891 = {
			isa = PBXGroup;
			children = (
				D2DDA86B25C2BA95000F3891 /* NASAPhotos */,
				D2DDA86A25C2BA95000F3891 /* Products */,
			);
			sourceTree = "<group>";
		};
		D2DDA86A25C2BA95000F3891 /* Products */ = {
			isa = PBXGroup;
			children = (
				D2DDA86925C2BA95000F3891 /* NASAPhotos.app */,
			);
			name = Products;
			sourceTree = "<group>";
		};
		D2DDA86B25C2BA95000F3891 /* NASAPhotos */ = {
			isa = PBXGroup;
			children = (
				D2DDA8A025C2CD2F000F3891 /* Models */,
				D2DDA8A625C2CDC0000F3891 /* Views */,
				D2DDA8A225C2CD5A000F3891 /* Screens */,
				D2DDA8A525C2CDA7000F3891 /* Utilities */,
				D2191AAB25C3255C002F111E /* Extensions */,
				D2DDA8A125C2CD42000F3891 /* Supporting Files */,
				D2DDA87525C2BA99000F3891 /* Assets.xcassets */,
				D2DDA87725C2BA99000F3891 /* LaunchScreen.storyboard */,
				D2DDA87A25C2BA99000F3891 /* Info.plist */,
			);
			path = NASAPhotos;
			sourceTree = "<group>";
		};
		D2DDA8A025C2CD2F000F3891 /* Models */ = {
			isa = PBXGroup;
			children = (
				D2DDA88C25C2C2C4000F3891 /* NASADataModel.swift */,
				D2DDA89325C2C439000F3891 /* NASADataManager.swift */,
			);
			path = Models;
			sourceTree = "<group>";
		};
		D2DDA8A125C2CD42000F3891 /* Supporting Files */ = {
			isa = PBXGroup;
			children = (
				D2DDA86C25C2BA95000F3891 /* AppDelegate.swift */,
				D2DDA86E25C2BA95000F3891 /* SceneDelegate.swift */,
			);
			path = "Supporting Files";
			sourceTree = "<group>";
		};
		D2DDA8A225C2CD5A000F3891 /* Screens */ = {
			isa = PBXGroup;
			children = (
				D2DDA88F25C2C38D000F3891 /* CuriosityViewController.swift */,
				D2191AA425C31C1D002F111E /* OpportunityViewController.swift */,
				D2191AA725C31CDD002F111E /* SpiritViewController.swift */,
			);
			path = Screens;
			sourceTree = "<group>";
		};
		D2DDA8A525C2CDA7000F3891 /* Utilities */ = {
			isa = PBXGroup;
			children = (
				D2DDA89C25C2CC0E000F3891 /* NASAError.swift */,
				D2191A9925C314F5002F111E /* NASAHelper.swift */,
				D2DDA89825C2C778000F3891 /* NASAConstants.swift */,
			);
			path = Utilities;
			sourceTree = "<group>";
		};
		D2DDA8A625C2CDC0000F3891 /* Views */ = {
			isa = PBXGroup;
			children = (
				D2191A9225C30FC1002F111E /* Cells */,
				D2D7529725C40E2900DBF53D /* Views */,
				D2D752A025C40EF800DBF53D /* Labels */,
				D2DDA8A725C2CDCC000F3891 /* Controllers */,
			);
			path = Views;
			sourceTree = "<group>";
		};
		D2DDA8A725C2CDCC000F3891 /* Controllers */ = {
			isa = PBXGroup;
			children = (
				D2DDA88425C2BBC1000F3891 /* NASATabBarController.swift */,
				D2D7529425C40CBE00DBF53D /* NASADetailViewController.swift */,
				D209FC0825C58C30002D1890 /* NASACameraViewController.swift */,
			);
			path = Controllers;
			sourceTree = "<group>";
		};
/* End PBXGroup section */

/* Begin PBXNativeTarget section */
		D2DDA86825C2BA95000F3891 /* NASAPhotos */ = {
			isa = PBXNativeTarget;
			buildConfigurationList = D2DDA87D25C2BA99000F3891 /* Build configuration list for PBXNativeTarget "NASAPhotos" */;
			buildPhases = (
				D2DDA86525C2BA95000F3891 /* Sources */,
				D2DDA86625C2BA95000F3891 /* Frameworks */,
				D2DDA86725C2BA95000F3891 /* Resources */,
			);
			buildRules = (
			);
			dependencies = (
			);
			name = NASAPhotos;
			productName = NASAPhotos;
			productReference = D2DDA86925C2BA95000F3891 /* NASAPhotos.app */;
			productType = "com.apple.product-type.application";
		};
/* End PBXNativeTarget section */

/* Begin PBXProject section */
		D2DDA86125C2BA95000F3891 /* Project object */ = {
			isa = PBXProject;
			attributes = {
				LastSwiftUpdateCheck = 1200;
				LastUpgradeCheck = 1200;
				TargetAttributes = {
					D2DDA86825C2BA95000F3891 = {
						CreatedOnToolsVersion = 12.0.1;
					};
				};
			};
			buildConfigurationList = D2DDA86425C2BA95000F3891 /* Build configuration list for PBXProject "NASAPhotos" */;
			compatibilityVersion = "Xcode 9.3";
			developmentRegion = en;
			hasScannedForEncodings = 0;
			knownRegions = (
				en,
				Base,
			);
			mainGroup = D2DDA86025C2BA95000F3891;
			productRefGroup = D2DDA86A25C2BA95000F3891 /* Products */;
			projectDirPath = "";
			projectRoot = "";
			targets = (
				D2DDA86825C2BA95000F3891 /* NASAPhotos */,
			);
		};
/* End PBXProject section */

/* Begin PBXResourcesBuildPhase section */
		D2DDA86725C2BA95000F3891 /* Resources */ = {
			isa = PBXResourcesBuildPhase;
			buildActionMask = 2147483647;
			files = (
				D2DDA87925C2BA99000F3891 /* LaunchScreen.storyboard in Resources */,
				D2DDA87625C2BA99000F3891 /* Assets.xcassets in Resources */,
			);
			runOnlyForDeploymentPostprocessing = 0;
		};
/* End PBXResourcesBuildPhase section */

/* Begin PBXSourcesBuildPhase section */
		D2DDA86525C2BA95000F3891 /* Sources */ = {
			isa = PBXSourcesBuildPhase;
			buildActionMask = 2147483647;
			files = (
				D2D7529525C40CBE00DBF53D /* NASADetailViewController.swift in Sources */,
				D2D7529E25C40E7500DBF53D /* NASAContainerView.swift in Sources */,
				D2191AA525C31C1D002F111E /* OpportunityViewController.swift in Sources */,
				D2191AAD25C32589002F111E /* UIViewController+Extension.swift in Sources */,
				D209FC0925C58C30002D1890 /* NASACameraViewController.swift in Sources */,
				D2D752A225C40F5B00DBF53D /* NASATitleLabel.swift in Sources */,
				D2DDA89925C2C778000F3891 /* NASAConstants.swift in Sources */,
				D2DDA88D25C2C2C4000F3891 /* NASADataModel.swift in Sources */,
				D2DDA86D25C2BA95000F3891 /* AppDelegate.swift in Sources */,
				D2D752B425C435AF00DBF53D /* String+Extension.swift in Sources */,
				D2DDA89025C2C38D000F3891 /* CuriosityViewController.swift in Sources */,
				D2DDA88525C2BBC1000F3891 /* NASATabBarController.swift in Sources */,
				D2DDA89425C2C439000F3891 /* NASADataManager.swift in Sources */,
				D2191AA825C31CDD002F111E /* SpiritViewController.swift in Sources */,
				D2DDA86F25C2BA95000F3891 /* SceneDelegate.swift in Sources */,
				D2D752A925C411C800DBF53D /* NASABodyLabel.swift in Sources */,
				D2191A9A25C314F5002F111E /* NASAHelper.swift in Sources */,
				D2DDA89D25C2CC0E000F3891 /* NASAError.swift in Sources */,
				D2191A9425C30FF3002F111E /* NASAPhotoCell.swift in Sources */,
				D2D752B125C4351200DBF53D /* Date+Extension.swift in Sources */,
				D2D752A625C4114000DBF53D /* NASASecondaryTitleLabel.swift in Sources */,
			);
			runOnlyForDeploymentPostprocessing = 0;
		};
/* End PBXSourcesBuildPhase section */

/* Begin PBXVariantGroup section */
		D2DDA87725C2BA99000F3891 /* LaunchScreen.storyboard */ = {
			isa = PBXVariantGroup;
			children = (
				D2DDA87825C2BA99000F3891 /* Base */,
			);
			name = LaunchScreen.storyboard;
			sourceTree = "<group>";
		};
/* End PBXVariantGroup section */

/* Begin XCBuildConfiguration section */
		D2DDA87B25C2BA99000F3891 /* Debug */ = {
			isa = XCBuildConfiguration;
			buildSettings = {
				ALWAYS_SEARCH_USER_PATHS = NO;
				CLANG_ANALYZER_NONNULL = YES;
				CLANG_ANALYZER_NUMBER_OBJECT_CONVERSION = YES_AGGRESSIVE;
				CLANG_CXX_LANGUAGE_STANDARD = "gnu++14";
				CLANG_CXX_LIBRARY = "libc++";
				CLANG_ENABLE_MODULES = YES;
				CLANG_ENABLE_OBJC_ARC = YES;
				CLANG_ENABLE_OBJC_WEAK = YES;
				CLANG_WARN_BLOCK_CAPTURE_AUTORELEASING = YES;
				CLANG_WARN_BOOL_CONVERSION = YES;
				CLANG_WARN_COMMA = YES;
				CLANG_WARN_CONSTANT_CONVERSION = YES;
				CLANG_WARN_DEPRECATED_OBJC_IMPLEMENTATIONS = YES;
				CLANG_WARN_DIRECT_OBJC_ISA_USAGE = YES_ERROR;
				CLANG_WARN_DOCUMENTATION_COMMENTS = YES;
				CLANG_WARN_EMPTY_BODY = YES;
				CLANG_WARN_ENUM_CONVERSION = YES;
				CLANG_WARN_INFINITE_RECURSION = YES;
				CLANG_WARN_INT_CONVERSION = YES;
				CLANG_WARN_NON_LITERAL_NULL_CONVERSION = YES;
				CLANG_WARN_OBJC_IMPLICIT_RETAIN_SELF = YES;
				CLANG_WARN_OBJC_LITERAL_CONVERSION = YES;
				CLANG_WARN_OBJC_ROOT_CLASS = YES_ERROR;
				CLANG_WARN_QUOTED_INCLUDE_IN_FRAMEWORK_HEADER = YES;
				CLANG_WARN_RANGE_LOOP_ANALYSIS = YES;
				CLANG_WARN_STRICT_PROTOTYPES = YES;
				CLANG_WARN_SUSPICIOUS_MOVE = YES;
				CLANG_WARN_UNGUARDED_AVAILABILITY = YES_AGGRESSIVE;
				CLANG_WARN_UNREACHABLE_CODE = YES;
				CLANG_WARN__DUPLICATE_METHOD_MATCH = YES;
				COPY_PHASE_STRIP = NO;
				DEBUG_INFORMATION_FORMAT = dwarf;
				ENABLE_STRICT_OBJC_MSGSEND = YES;
				ENABLE_TESTABILITY = YES;
				GCC_C_LANGUAGE_STANDARD = gnu11;
				GCC_DYNAMIC_NO_PIC = NO;
				GCC_NO_COMMON_BLOCKS = YES;
				GCC_OPTIMIZATION_LEVEL = 0;
				GCC_PREPROCESSOR_DEFINITIONS = (
					"DEBUG=1",
					"$(inherited)",
				);
				GCC_WARN_64_TO_32_BIT_CONVERSION = YES;
				GCC_WARN_ABOUT_RETURN_TYPE = YES_ERROR;
				GCC_WARN_UNDECLARED_SELECTOR = YES;
				GCC_WARN_UNINITIALIZED_AUTOS = YES_AGGRESSIVE;
				GCC_WARN_UNUSED_FUNCTION = YES;
				GCC_WARN_UNUSED_VARIABLE = YES;
				IPHONEOS_DEPLOYMENT_TARGET = 14.0;
				MTL_ENABLE_DEBUG_INFO = INCLUDE_SOURCE;
				MTL_FAST_MATH = YES;
				ONLY_ACTIVE_ARCH = YES;
				SDKROOT = iphoneos;
				SWIFT_ACTIVE_COMPILATION_CONDITIONS = DEBUG;
				SWIFT_OPTIMIZATION_LEVEL = "-Onone";
			};
			name = Debug;
		};
		D2DDA87C25C2BA99000F3891 /* Release */ = {
			isa = XCBuildConfiguration;
			buildSettings = {
				ALWAYS_SEARCH_USER_PATHS = NO;
				CLANG_ANALYZER_NONNULL = YES;
				CLANG_ANALYZER_NUMBER_OBJECT_CONVERSION = YES_AGGRESSIVE;
				CLANG_CXX_LANGUAGE_STANDARD = "gnu++14";
				CLANG_CXX_LIBRARY = "libc++";
				CLANG_ENABLE_MODULES = YES;
				CLANG_ENABLE_OBJC_ARC = YES;
				CLANG_ENABLE_OBJC_WEAK = YES;
				CLANG_WARN_BLOCK_CAPTURE_AUTORELEASING = YES;
				CLANG_WARN_BOOL_CONVERSION = YES;
				CLANG_WARN_COMMA = YES;
				CLANG_WARN_CONSTANT_CONVERSION = YES;
				CLANG_WARN_DEPRECATED_OBJC_IMPLEMENTATIONS = YES;
				CLANG_WARN_DIRECT_OBJC_ISA_USAGE = YES_ERROR;
				CLANG_WARN_DOCUMENTATION_COMMENTS = YES;
				CLANG_WARN_EMPTY_BODY = YES;
				CLANG_WARN_ENUM_CONVERSION = YES;
				CLANG_WARN_INFINITE_RECURSION = YES;
				CLANG_WARN_INT_CONVERSION = YES;
				CLANG_WARN_NON_LITERAL_NULL_CONVERSION = YES;
				CLANG_WARN_OBJC_IMPLICIT_RETAIN_SELF = YES;
				CLANG_WARN_OBJC_LITERAL_CONVERSION = YES;
				CLANG_WARN_OBJC_ROOT_CLASS = YES_ERROR;
				CLANG_WARN_QUOTED_INCLUDE_IN_FRAMEWORK_HEADER = YES;
				CLANG_WARN_RANGE_LOOP_ANALYSIS = YES;
				CLANG_WARN_STRICT_PROTOTYPES = YES;
				CLANG_WARN_SUSPICIOUS_MOVE = YES;
				CLANG_WARN_UNGUARDED_AVAILABILITY = YES_AGGRESSIVE;
				CLANG_WARN_UNREACHABLE_CODE = YES;
				CLANG_WARN__DUPLICATE_METHOD_MATCH = YES;
				COPY_PHASE_STRIP = NO;
				DEBUG_INFORMATION_FORMAT = "dwarf-with-dsym";
				ENABLE_NS_ASSERTIONS = NO;
				ENABLE_STRICT_OBJC_MSGSEND = YES;
				GCC_C_LANGUAGE_STANDARD = gnu11;
				GCC_NO_COMMON_BLOCKS = YES;
				GCC_WARN_64_TO_32_BIT_CONVERSION = YES;
				GCC_WARN_ABOUT_RETURN_TYPE = YES_ERROR;
				GCC_WARN_UNDECLARED_SELECTOR = YES;
				GCC_WARN_UNINITIALIZED_AUTOS = YES_AGGRESSIVE;
				GCC_WARN_UNUSED_FUNCTION = YES;
				GCC_WARN_UNUSED_VARIABLE = YES;
				IPHONEOS_DEPLOYMENT_TARGET = 14.0;
				MTL_ENABLE_DEBUG_INFO = NO;
				MTL_FAST_MATH = YES;
				SDKROOT = iphoneos;
				SWIFT_COMPILATION_MODE = wholemodule;
				SWIFT_OPTIMIZATION_LEVEL = "-O";
				VALIDATE_PRODUCT = YES;
			};
			name = Release;
		};
		D2DDA87E25C2BA99000F3891 /* Debug */ = {
			isa = XCBuildConfiguration;
			buildSettings = {
				ASSETCATALOG_COMPILER_APPICON_NAME = AppIcon;
				ASSETCATALOG_COMPILER_GLOBAL_ACCENT_COLOR_NAME = AccentColor;
				CODE_SIGN_STYLE = Automatic;
				DEVELOPMENT_TEAM = 7995LB4979;
				INFOPLIST_FILE = NASAPhotos/Info.plist;
				IPHONEOS_DEPLOYMENT_TARGET = 13.0;
				LD_RUNPATH_SEARCH_PATHS = (
					"$(inherited)",
					"@executable_path/Frameworks",
				);
				PRODUCT_BUNDLE_IDENTIFIER = com.ufukcanli.NASAPhotos;
				PRODUCT_NAME = "$(TARGET_NAME)";
				SWIFT_VERSION = 5.0;
				TARGETED_DEVICE_FAMILY = 1;
			};
			name = Debug;
		};
		D2DDA87F25C2BA99000F3891 /* Release */ = {
			isa = XCBuildConfiguration;
			buildSettings = {
				ASSETCATALOG_COMPILER_APPICON_NAME = AppIcon;
				ASSETCATALOG_COMPILER_GLOBAL_ACCENT_COLOR_NAME = AccentColor;
				CODE_SIGN_STYLE = Automatic;
				DEVELOPMENT_TEAM = 7995LB4979;
				INFOPLIST_FILE = NASAPhotos/Info.plist;
				IPHONEOS_DEPLOYMENT_TARGET = 13.0;
				LD_RUNPATH_SEARCH_PATHS = (
					"$(inherited)",
					"@executable_path/Frameworks",
				);
				PRODUCT_BUNDLE_IDENTIFIER = com.ufukcanli.NASAPhotos;
				PRODUCT_NAME = "$(TARGET_NAME)";
				SWIFT_VERSION = 5.0;
				TARGETED_DEVICE_FAMILY = 1;
			};
			name = Release;
		};
/* End XCBuildConfiguration section */

/* Begin XCConfigurationList section */
		D2DDA86425C2BA95000F3891 /* Build configuration list for PBXProject "NASAPhotos" */ = {
			isa = XCConfigurationList;
			buildConfigurations = (
				D2DDA87B25C2BA99000F3891 /* Debug */,
				D2DDA87C25C2BA99000F3891 /* Release */,
			);
			defaultConfigurationIsVisible = 0;
			defaultConfigurationName = Release;
		};
		D2DDA87D25C2BA99000F3891 /* Build configuration list for PBXNativeTarget "NASAPhotos" */ = {
			isa = XCConfigurationList;
			buildConfigurations = (
				D2DDA87E25C2BA99000F3891 /* Debug */,
				D2DDA87F25C2BA99000F3891 /* Release */,
			);
			defaultConfigurationIsVisible = 0;
			defaultConfigurationName = Release;
		};
/* End XCConfigurationList section */
	};
	rootObject = D2DDA86125C2BA95000F3891 /* Project object */;
}
